# THIS IS AN AUTOGENERATED FILE. DO NOT EDIT THIS FILE DIRECTLY.
# yarn lockfile v1


"@decorator-server/decorator@^0.10.0", "@decorator-server/decorator@x":
  version "0.10.0"
  resolved "https://registry.npmjs.org/@decorator-server/decorator/-/decorator-0.10.0.tgz#642c5a169f4d5dccc2cb240742210a2bb47d1a1b"
  integrity sha512-TeXdZ8GFcKy+dGej+m2I2Ukbt8zTVNgIZLphL0ZCaRwviLiKrIJxaNAL5t9amoBheg2YJeXZSLs7l7nmrbREWw==
  dependencies:
    reflect-metadata "^0.1.13"

"@decorator-server/starter@x":
  version "0.10.0"
  resolved "https://registry.npmjs.org/@decorator-server/starter/-/starter-0.10.0.tgz#27b19900d05db937e8d1953600dd64d5096e869a"
  integrity sha512-5n01wnxlpoU3ed2pYq02j0SKtgfVsD9T/sKsMoE0Tabexd0ypHuf2NGwTZNa0gicvKKgwMitGa4ncoTaD8iDkA==
  dependencies:
    "@decorator-server/decorator" "^0.10.0"

reflect-metadata@^0.1.13:
  version "0.1.13"
  resolved "https://registry.npmjs.org/reflect-metadata/-/reflect-metadata-0.1.13.tgz#67ae3ca57c972a2aa1642b10fe363fe32d49dc08"
  integrity sha512-Ts1Y/anZELhSsjMcU605fU9RE4Oi3p5ORujwbIKXfWa+0Zxs510Qrmrce5/Jowq3cHSZSJqBjypxmHarc+vEWg==
